
Microsoft Visual Studio Solution File, Format Version 12.00
# Visual Studio Version 16
VisualStudioVersion = 16.0.31729.503
MinimumVisualStudioVersion = 10.0.40219.1
Project("{FAE04EC0-301F-11D3-BF4B-00C04F79EFBC}") = "ZonaTecnologica", "ZonaTecnologica\ZonaTecnologica.csproj", "{ABE5CDCE-4FAD-41AB-95F0-86AECCFC330F}"
EndProject
Global
	GlobalSection(SolutionConfigurationPlatforms) = preSolution
		Debug|Any CPU = Debug|Any CPU
		Release|Any CPU = Release|Any CPU
	EndGlobalSection
	GlobalSection(ProjectConfigurationPlatforms) = postSolution
		{ABE5CDCE-4FAD-41AB-95F0-86AECCFC330F}.Debug|Any CPU.ActiveCfg = Debug|Any CPU
		{ABE5CDCE-4FAD-41AB-95F0-86AECCFC330F}.Debug|Any CPU.Build.0 = Debug|Any CPU
		{ABE5CDCE-4FAD-41AB-95F0-86AECCFC330F}.Release|Any CPU.ActiveCfg = Release|Any CPU
		{ABE5CDCE-4FAD-41AB-95F0-86AECCFC330F}.Release|Any CPU.Build.0 = Release|Any CPU
	EndGlobalSection
	GlobalSection(SolutionProperties) = preSolution
		HideSolutionNode = FALSE
	EndGlobalSection
	GlobalSection(ExtensibilityGlobals) = postSolution
		SolutionGuid = {A883534E-A10E-45F5-A57F-166EDA40DD33}
	EndGlobalSection
EndGlobal
